<Solution>
  <Folder Name="/GameScript/">
    <File Path="GameScript/Multiplayer.rb" />
    <File Path="GameScript/mp_actions.rb" />
    <File Path="GameScript/mp_async.rb" />
    <File Path="GameScript/mp_overworld.rb" />
    <File Path="GameScript/mp_sync.rb" />
    <File Path="GameScript/mp_world.rb" />
    <File Path="GameScript/pvp_battle.rb" />
  </Folder>
  <Project Path="MGQParadox.Multiplayer/MGQParadox.Multiplayer.csproj" />
  <Project Path="MGQParadox.Multiplayer.Tests/MGQParadox.Multiplayer.Tests.csproj" />
</Solution>
