<Solution>
  <Folder Name="/GameScript/">
    <File Path="GameScript/Multiplayer.rb" />
  </Folder>
  <Folder Name="/GameScript/Scripts/">
    <File Path="GameScript/Multiplayer/Scripts/battles.rbx" />
    <File Path="GameScript/Multiplayer/Scripts/battles_coop.rbx" />
    <File Path="GameScript/Multiplayer/Scripts/battles_duel.rbx" />
    <File Path="GameScript/Multiplayer/Scripts/battles_pvp.rbx" />
    <File Path="GameScript/Multiplayer/Scripts/battles_pvp_lobby.rbx" />
    <File Path="GameScript/Multiplayer/Scripts/battles_pvp_mirror.rbx" />
    <File Path="GameScript/Multiplayer/Scripts/battles_sync.rbx" />
    <File Path="GameScript/Multiplayer/Scripts/battles_sync_live.rbx" />
    <File Path="GameScript/Multiplayer/Scripts/battles_sync_playback.rbx" />
    <File Path="GameScript/Multiplayer/Scripts/battles_sync_recorder.rbx" />
    <File Path="GameScript/Multiplayer/Scripts/battles_sync_wire.rbx" />
    <File Path="GameScript/Multiplayer/Scripts/battles_team.rbx" />
    <File Path="GameScript/Multiplayer/Scripts/coop.rbx" />
    <File Path="GameScript/Multiplayer/Scripts/coop_events.rbx" />
    <File Path="GameScript/Multiplayer/Scripts/coop_npcs.rbx" />
    <File Path="GameScript/Multiplayer/Scripts/coop_squad.rbx" />
    <File Path="GameScript/Multiplayer/Scripts/coop_story.rbx" />
    <File Path="GameScript/Multiplayer/Scripts/core_actors.rbx" />
    <File Path="GameScript/Multiplayer/Scripts/core_async.rbx" />
    <File Path="GameScript/Multiplayer/Scripts/core_game_access.rbx" />
    <File Path="GameScript/Multiplayer/Scripts/core_hooks.rbx" />
    <File Path="GameScript/Multiplayer/Scripts/core_hotkeys.rbx" />
    <File Path="GameScript/Multiplayer/Scripts/core_log.rbx" />
    <File Path="GameScript/Multiplayer/Scripts/overworld.rbx" />
    <File Path="GameScript/Multiplayer/Scripts/overworld_sync.rbx" />
    <File Path="GameScript/Multiplayer/Scripts/ui.rbx" />
    <File Path="GameScript/Multiplayer/Scripts/ui_actions.rbx" />
    <File Path="GameScript/Multiplayer/Scripts/ui_chat.rbx" />
    <File Path="GameScript/Multiplayer/Scripts/ui_notices.rbx" />
    <File Path="GameScript/Multiplayer/Scripts/world.rbx" />
    <File Path="GameScript/Multiplayer/Scripts/world_overview.rbx" />
    <File Path="GameScript/Multiplayer/Scripts/world_save_distribution.rbx" />
    <File Path="GameScript/Multiplayer/Scripts/world_screen.rbx" />
    <File Path="GameScript/Multiplayer/Scripts/world_text.rbx" />
  </Folder>
  <Folder Name="/GameScript/Tests/">
    <File Path="GameScript/Tests/async_test.rb" />
    <File Path="GameScript/Tests/battle_support.rb" />
    <File Path="GameScript/Tests/battles_coop_test.rb" />
    <File Path="GameScript/Tests/battles_test.rb" />
    <File Path="GameScript/Tests/coop_events_test.rb" />
    <File Path="GameScript/Tests/coop_squad_test.rb" />
    <File Path="GameScript/Tests/duel_test.rb" />
    <File Path="GameScript/Tests/loader_test.rb" />
    <File Path="GameScript/Tests/notices_test.rb" />
    <File Path="GameScript/Tests/overworld_test.rb" />
    <File Path="GameScript/Tests/run.rb" />
    <File Path="GameScript/Tests/start_choice_test.rb" />
    <File Path="GameScript/Tests/support.rb" />
    <File Path="GameScript/Tests/team_test.rb" />
    <File Path="GameScript/Tests/world_overview_test.rb" />
    <File Path="GameScript/Tests/world_support.rb" />
  </Folder>
  <Project Path="MGQParadox.Multiplayer/MGQParadox.Multiplayer.csproj" />
  <Project Path="MGQParadox.Multiplayer.Tests/MGQParadox.Multiplayer.Tests.csproj" />
</Solution>
